
Microsoft Visual Studio Solution File, Format Version 12.00
# Visual Studio Version 17
VisualStudioVersion = 17.4.33213.308
MinimumVisualStudioVersion = 10.0.40219.1
Project("{9A19103F-16F7-4668-BE54-9A1E7A4F7556}") = "CityTransport.Core", "CityTransport.Core\CityTransport.Core.csproj", "{82338E5C-17CC-4BDF-A353-8ECEE55E2FE9}"
EndProject
Project("{9A19103F-16F7-4668-BE54-9A1E7A4F7556}") = "CityTransport.Infrastructure", "CityTransport.Infrastructure\CityTransport.Infrastructure.csproj", "{6495B301-E3C5-4860-BB85-5A5ADF3AF54B}"
	ProjectSection(ProjectDependencies) = postProject
		{82338E5C-17CC-4BDF-A353-8ECEE55E2FE9} = {82338E5C-17CC-4BDF-A353-8ECEE55E2FE9}
	EndProjectSection
EndProject
Project("{9A19103F-16F7-4668-BE54-9A1E7A4F7556}") = "BusTracker.API", "BusTracker.API\BusTracker.API.csproj", "{02510B4C-E847-4402-A0E0-30F95DFBDBB9}"
EndProject
Global
	GlobalSection(SolutionConfigurationPlatforms) = preSolution
		Debug|Any CPU = Debug|Any CPU
		Release|Any CPU = Release|Any CPU
	EndGlobalSection
	GlobalSection(ProjectConfigurationPlatforms) = postSolution
		{82338E5C-17CC-4BDF-A353-8ECEE55E2FE9}.Debug|Any CPU.ActiveCfg = Debug|Any CPU
		{82338E5C-17CC-4BDF-A353-8ECEE55E2FE9}.Debug|Any CPU.Build.0 = Debug|Any CPU
		{82338E5C-17CC-4BDF-A353-8ECEE55E2FE9}.Release|Any CPU.ActiveCfg = Release|Any CPU
		{82338E5C-17CC-4BDF-A353-8ECEE55E2FE9}.Release|Any CPU.Build.0 = Release|Any CPU
		{6495B301-E3C5-4860-BB85-5A5ADF3AF54B}.Debug|Any CPU.ActiveCfg = Debug|Any CPU
		{6495B301-E3C5-4860-BB85-5A5ADF3AF54B}.Debug|Any CPU.Build.0 = Debug|Any CPU
		{6495B301-E3C5-4860-BB85-5A5ADF3AF54B}.Release|Any CPU.ActiveCfg = Release|Any CPU
		{6495B301-E3C5-4860-BB85-5A5ADF3AF54B}.Release|Any CPU.Build.0 = Release|Any CPU
		{02510B4C-E847-4402-A0E0-30F95DFBDBB9}.Debug|Any CPU.ActiveCfg = Debug|Any CPU
		{02510B4C-E847-4402-A0E0-30F95DFBDBB9}.Debug|Any CPU.Build.0 = Debug|Any CPU
		{02510B4C-E847-4402-A0E0-30F95DFBDBB9}.Release|Any CPU.ActiveCfg = Release|Any CPU
		{02510B4C-E847-4402-A0E0-30F95DFBDBB9}.Release|Any CPU.Build.0 = Release|Any CPU
	EndGlobalSection
	GlobalSection(SolutionProperties) = preSolution
		HideSolutionNode = FALSE
	EndGlobalSection
	GlobalSection(ExtensibilityGlobals) = postSolution
		SolutionGuid = {67DC2476-E7E9-4199-B417-EAF50E458865}
	EndGlobalSection
EndGlobal
